// !$*UTF8*$!
{
	archiveVersion = 1;
	classes = {
	};
	objectVersion = 77;
	objects = {

/* Begin PBXBuildFile section */
		99106BDB2F71F93300A7E5D9 /* Claude.md in Resources */ = {isa = PBXBuildFile; fileRef = 99106BDA2F71F92C00A7E5D9 /* Claude.md */; };
		995A3A632F75CF0D0005BF13 /* Factory in Frameworks */ = {isa = PBXBuildFile; productRef = 995A3A622F75CF0D0005BF13 /* Factory */; };
		999DA8152F706FE50082B598 /* Auth in Frameworks */ = {isa = PBXBuildFile; productRef = 999DA8142F706FE50082B598 /* Auth */; };
		999DA8172F706FE50082B598 /* Realtime in Frameworks */ = {isa = PBXBuildFile; productRef = 999DA8162F706FE50082B598 /* Realtime */; };
		999DA8192F706FE50082B598 /* Storage in Frameworks */ = {isa = PBXBuildFile; productRef = 999DA8182F706FE50082B598 /* Storage */; };
		999DA85B2F7072440082B598 /* Supabase in Frameworks */ = {isa = PBXBuildFile; productRef = 999DA85A2F7072440082B598 /* Supabase */; };
		99EFAFD42F79B9C400BA0FB5 /* web3swift in Frameworks */ = {isa = PBXBuildFile; productRef = 99EFAFD32F79B9C400BA0FB5 /* web3swift */; };
/* End PBXBuildFile section */

/* Begin PBXContainerItemProxy section */
		999DA7F72F706B310082B598 /* PBXContainerItemProxy */ = {
			isa = PBXContainerItemProxy;
			containerPortal = 999DA7E12F706B2F0082B598 /* Project object */;
			proxyType = 1;
			remoteGlobalIDString = 999DA7E82F706B2F0082B598;
			remoteInfo = Hissedar;
		};
		999DA8012F706B310082B598 /* PBXContainerItemProxy */ = {
			isa = PBXContainerItemProxy;
			containerPortal = 999DA7E12F706B2F0082B598 /* Project object */;
			proxyType = 1;
			remoteGlobalIDString = 999DA7E82F706B2F0082B598;
			remoteInfo = Hissedar;
		};
/* End PBXContainerItemProxy section */

/* Begin PBXFileReference section */
		99106BDA2F71F92C00A7E5D9 /* Claude.md */ = {isa = PBXFileReference; lastKnownFileType = net.daringfireball.markdown; path = Claude.md; sourceTree = "<group>"; };
		999DA7E92F706B2F0082B598 /* Hissedar.app */ = {isa = PBXFileReference; explicitFileType = wrapper.application; includeInIndex = 0; path = Hissedar.app; sourceTree = BUILT_PRODUCTS_DIR; };
		999DA7F62F706B310082B598 /* HissedarTests.xctest */ = {isa = PBXFileReference; explicitFileType = wrapper.cfbundle; includeInIndex = 0; path = HissedarTests.xctest; sourceTree = BUILT_PRODUCTS_DIR; };
		999DA8002F706B310082B598 /* HissedarUITests.xctest */ = {isa = PBXFileReference; explicitFileType = wrapper.cfbundle; includeInIndex = 0; path = HissedarUITests.xctest; sourceTree = BUILT_PRODUCTS_DIR; };
/* End PBXFileReference section */

/* Begin PBXFileSystemSynchronizedBuildFileExceptionSet section */
		9914BAAC2F858CD700687070 /* Exceptions for "Hissedar" folder in "Hissedar" target */ = {
			isa = PBXFileSystemSynchronizedBuildFileExceptionSet;
			membershipExceptions = (
				Resources/Info.plist,
			);
			target = 999DA7E82F706B2F0082B598 /* Hissedar */;
		};
/* End PBXFileSystemSynchronizedBuildFileExceptionSet section */

/* Begin PBXFileSystemSynchronizedRootGroup section */
		999DA7EB2F706B2F0082B598 /* Hissedar */ = {
			isa = PBXFileSystemSynchronizedRootGroup;
			exceptions = (
				9914BAAC2F858CD700687070 /* Exceptions for "Hissedar" folder in "Hissedar" target */,
			);
			path = Hissedar;
			sourceTree = "<group>";
		};
		999DA7F92F706B310082B598 /* HissedarTests */ = {
			isa = PBXFileSystemSynchronizedRootGroup;
			path = HissedarTests;
			sourceTree = "<group>";
		};
		999DA8032F706B310082B598 /* HissedarUITests */ = {
			isa = PBXFileSystemSynchronizedRootGroup;
			path = HissedarUITests;
			sourceTree = "<group>";
		};
/* End PBXFileSystemSynchronizedRootGroup section */

/* Begin PBXFrameworksBuildPhase section */
		999DA7E62F706B2F0082B598 /* Frameworks */ = {
			isa = PBXFrameworksBuildPhase;
			buildActionMask = 2147483647;
			files = (
				999DA85B2F7072440082B598 /* Supabase in Frameworks */,
				995A3A632F75CF0D0005BF13 /* Factory in Frameworks */,
				999DA8192F706FE50082B598 /* Storage in Frameworks */,
				999DA8152F706FE50082B598 /* Auth in Frameworks */,
				999DA8172F706FE50082B598 /* Realtime in Frameworks */,
				99EFAFD42F79B9C400BA0FB5 /* web3swift in Frameworks */,
			);
			runOnlyForDeploymentPostprocessing = 0;
		};
		999DA7F32F706B310082B598 /* Frameworks */ = {
			isa = PBXFrameworksBuildPhase;
			buildActionMask = 2147483647;
			files = (
			);
			runOnlyForDeploymentPostprocessing = 0;
		};
		999DA7FD2F706B310082B598 /* Frameworks */ = {
			isa = PBXFrameworksBuildPhase;
			buildActionMask = 2147483647;
			files = (
			);
			runOnlyForDeploymentPostprocessing = 0;
		};
/* End PBXFrameworksBuildPhase section */

/* Begin PBXGroup section */
		999DA7E02F706B2F0082B598 = {
			isa = PBXGroup;
			children = (
				99106BDA2F71F92C00A7E5D9 /* Claude.md */,
				999DA7EB2F706B2F0082B598 /* Hissedar */,
				999DA7F92F706B310082B598 /* HissedarTests */,
				999DA8032F706B310082B598 /* HissedarUITests */,
				999DA7EA2F706B2F0082B598 /* Products */,
			);
			sourceTree = "<group>";
		};
		999DA7EA2F706B2F0082B598 /* Products */ = {
			isa = PBXGroup;
			children = (
				999DA7E92F706B2F0082B598 /* Hissedar.app */,
				999DA7F62F706B310082B598 /* HissedarTests.xctest */,
				999DA8002F706B310082B598 /* HissedarUITests.xctest */,
			);
			name = Products;
			sourceTree = "<group>";
		};
/* End PBXGroup section */

/* Begin PBXNativeTarget section */
		999DA7E82F706B2F0082B598 /* Hissedar */ = {
			isa = PBXNativeTarget;
			buildConfigurationList = 999DA80A2F706B310082B598 /* Build configuration list for PBXNativeTarget "Hissedar" */;
			buildPhases = (
				999DA7E52F706B2F0082B598 /* Sources */,
				999DA7E62F706B2F0082B598 /* Frameworks */,
				999DA7E72F706B2F0082B598 /* Resources */,
			);
			buildRules = (
			);
			dependencies = (
			);
			fileSystemSynchronizedGroups = (
				999DA7EB2F706B2F0082B598 /* Hissedar */,
			);
			name = Hissedar;
			packageProductDependencies = (
				999DA8142F706FE50082B598 /* Auth */,
				999DA8162F706FE50082B598 /* Realtime */,
				999DA8182F706FE50082B598 /* Storage */,
				999DA85A2F7072440082B598 /* Supabase */,
				995A3A622F75CF0D0005BF13 /* Factory */,
				99EFAFD32F79B9C400BA0FB5 /* web3swift */,
			);
			productName = Hissedar;
			productReference = 999DA7E92F706B2F0082B598 /* Hissedar.app */;
			productType = "com.apple.product-type.application";
		};
		999DA7F52F706B310082B598 /* HissedarTests */ = {
			isa = PBXNativeTarget;
			buildConfigurationList = 999DA80D2F706B310082B598 /* Build configuration list for PBXNativeTarget "HissedarTests" */;
			buildPhases = (
				999DA7F22F706B310082B598 /* Sources */,
				999DA7F32F706B310082B598 /* Frameworks */,
				999DA7F42F706B310082B598 /* Resources */,
			);
			buildRules = (
			);
			dependencies = (
				999DA7F82F706B310082B598 /* PBXTargetDependency */,
			);
			fileSystemSynchronizedGroups = (
				999DA7F92F706B310082B598 /* HissedarTests */,
			);
			name = HissedarTests;
			packageProductDependencies = (
			);
			productName = HissedarTests;
			productReference = 999DA7F62F706B310082B598 /* HissedarTests.xctest */;
			productType = "com.apple.product-type.bundle.unit-test";
		};
		999DA7FF2F706B310082B598 /* HissedarUITests */ = {
			isa = PBXNativeTarget;
			buildConfigurationList = 999DA8102F706B310082B598 /* Build configuration list for PBXNativeTarget "HissedarUITests" */;
			buildPhases = (
				999DA7FC2F706B310082B598 /* Sources */,
				999DA7FD2F706B310082B598 /* Frameworks */,
				999DA7FE2F706B310082B598 /* Resources */,
			);
			buildRules = (
			);
			dependencies = (
				999DA8022F706B310082B598 /* PBXTargetDependency */,
			);
			fileSystemSynchronizedGroups = (
				999DA8032F706B310082B598 /* HissedarUITests */,
			);
			name = HissedarUITests;
			packageProductDependencies = (
			);
			productName = HissedarUITests;
			productReference = 999DA8002F706B310082B598 /* HissedarUITests.xctest */;
			productType = "com.apple.product-type.bundle.ui-testing";
		};
/* End PBXNativeTarget section */

/* Begin PBXProject section */
		999DA7E12F706B2F0082B598 /* Project object */ = {
			isa = PBXProject;
			attributes = {
				BuildIndependentTargetsInParallel = YES;
				LastSwiftUpdateCheck = 2630;
				LastUpgradeCheck = 2640;
				TargetAttributes = {
					999DA7E82F706B2F0082B598 = {
						CreatedOnToolsVersion = 26.3;
					};
					999DA7F52F706B310082B598 = {
						CreatedOnToolsVersion = 26.3;
						TestTargetID = 999DA7E82F706B2F0082B598;
					};
					999DA7FF2F706B310082B598 = {
						CreatedOnToolsVersion = 26.3;
						TestTargetID = 999DA7E82F706B2F0082B598;
					};
				};
			};
			buildConfigurationList = 999DA7E42F706B2F0082B598 /* Build configuration list for PBXProject "Hissedar" */;
			developmentRegion = en;
			hasScannedForEncodings = 0;
			knownRegions = (
				en,
				Base,
				tr,
			);
			mainGroup = 999DA7E02F706B2F0082B598;
			minimizedProjectReferenceProxies = 1;
			packageReferences = (
				999DA8132F706FE50082B598 /* XCRemoteSwiftPackageReference "supabase-swift" */,
				995A3A612F75CF0D0005BF13 /* XCRemoteSwiftPackageReference "Factory" */,
				99EFAFD22F79B9C400BA0FB5 /* XCRemoteSwiftPackageReference "web3swift" */,
			);
			preferredProjectObjectVersion = 77;
			productRefGroup = 999DA7EA2F706B2F0082B598 /* Products */;
			projectDirPath = "";
			projectRoot = "";
			targets = (
				999DA7E82F706B2F0082B598 /* Hissedar */,
				999DA7F52F706B310082B598 /* HissedarTests */,
				999DA7FF2F706B310082B598 /* HissedarUITests */,
			);
		};
/* End PBXProject section */

/* Begin PBXResourcesBuildPhase section */
		999DA7E72F706B2F0082B598 /* Resources */ = {
			isa = PBXResourcesBuildPhase;
			buildActionMask = 2147483647;
			files = (
				99106BDB2F71F93300A7E5D9 /* Claude.md in Resources */,
			);
			runOnlyForDeploymentPostprocessing = 0;
		};
		999DA7F42F706B310082B598 /* Resources */ = {
			isa = PBXResourcesBuildPhase;
			buildActionMask = 2147483647;
			files = (
			);
			runOnlyForDeploymentPostprocessing = 0;
		};
		999DA7FE2F706B310082B598 /* Resources */ = {
			isa = PBXResourcesBuildPhase;
			buildActionMask = 2147483647;
			files = (
			);
			runOnlyForDeploymentPostprocessing = 0;
		};
/* End PBXResourcesBuildPhase section */

/* Begin PBXSourcesBuildPhase section */
		999DA7E52F706B2F0082B598 /* Sources */ = {
			isa = PBXSourcesBuildPhase;
			buildActionMask = 2147483647;
			files = (
			);
			runOnlyForDeploymentPostprocessing = 0;
		};
		999DA7F22F706B310082B598 /* Sources */ = {
			isa = PBXSourcesBuildPhase;
			buildActionMask = 2147483647;
			files = (
			);
			runOnlyForDeploymentPostprocessing = 0;
		};
		999DA7FC2F706B310082B598 /* Sources */ = {
			isa = PBXSourcesBuildPhase;
			buildActionMask = 2147483647;
			files = (
			);
			runOnlyForDeploymentPostprocessing = 0;
		};
/* End PBXSourcesBuildPhase section */

/* Begin PBXTargetDependency section */
		999DA7F82F706B310082B598 /* PBXTargetDependency */ = {
			isa = PBXTargetDependency;
			target = 999DA7E82F706B2F0082B598 /* Hissedar */;
			targetProxy = 999DA7F72F706B310082B598 /* PBXContainerItemProxy */;
		};
		999DA8022F706B310082B598 /* PBXTargetDependency */ = {
			isa = PBXTargetDependency;
			target = 999DA7E82F706B2F0082B598 /* Hissedar */;
			targetProxy = 999DA8012F706B310082B598 /* PBXContainerItemProxy */;
		};
/* End PBXTargetDependency section */

/* Begin XCBuildConfiguration section */
		999DA8082F706B310082B598 /* Debug */ = {
			isa = XCBuildConfiguration;
			baseConfigurationReferenceAnchor = 999DA7EB2F706B2F0082B598 /* Hissedar */;
			baseConfigurationReferenceRelativePath = Resources/Secrets.xcconfig;
			buildSettings = {
				ALWAYS_SEARCH_USER_PATHS = NO;
				ASSETCATALOG_COMPILER_GENERATE_SWIFT_ASSET_SYMBOL_EXTENSIONS = YES;
				CLANG_ANALYZER_NONNULL = YES;
				CLANG_ANALYZER_NUMBER_OBJECT_CONVERSION = YES_AGGRESSIVE;
				CLANG_CXX_LANGUAGE_STANDARD = "gnu++20";
				CLANG_ENABLE_MODULES = YES;
				CLANG_ENABLE_OBJC_ARC = YES;
				CLANG_ENABLE_OBJC_WEAK = YES;
				CLANG_WARN_BLOCK_CAPTURE_AUTORELEASING = YES;
				CLANG_WARN_BOOL_CONVERSION = YES;
				CLANG_WARN_COMMA = YES;
				CLANG_WARN_CONSTANT_CONVERSION = YES;
				CLANG_WARN_DEPRECATED_OBJC_IMPLEMENTATIONS = YES;
				CLANG_WARN_DIRECT_OBJC_ISA_USAGE = YES_ERROR;
				CLANG_WARN_DOCUMENTATION_COMMENTS = YES;
				CLANG_WARN_EMPTY_BODY = YES;
				CLANG_WARN_ENUM_CONVERSION = YES;
				CLANG_WARN_INFINITE_RECURSION = YES;
				CLANG_WARN_INT_CONVERSION = YES;
				CLANG_WARN_NON_LITERAL_NULL_CONVERSION = YES;
				CLANG_WARN_OBJC_IMPLICIT_RETAIN_SELF = YES;
				CLANG_WARN_OBJC_LITERAL_CONVERSION = YES;
				CLANG_WARN_OBJC_ROOT_CLASS = YES_ERROR;
				CLANG_WARN_QUOTED_INCLUDE_IN_FRAMEWORK_HEADER = YES;
				CLANG_WARN_RANGE_LOOP_ANALYSIS = YES;
				CLANG_WARN_STRICT_PROTOTYPES = YES;
				CLANG_WARN_SUSPICIOUS_MOVE = YES;
				CLANG_WARN_UNGUARDED_AVAILABILITY = YES_AGGRESSIVE;
				CLANG_WARN_UNREACHABLE_CODE = YES;
				CLANG_WARN__DUPLICATE_METHOD_MATCH = YES;
				COPY_PHASE_STRIP = NO;
				DEBUG_INFORMATION_FORMAT = dwarf;
				DEVELOPMENT_TEAM = A5PNFW5LM9;
				ENABLE_STRICT_OBJC_MSGSEND = YES;
				ENABLE_TESTABILITY = YES;
				ENABLE_USER_SCRIPT_SANDBOXING = YES;
				GCC_C_LANGUAGE_STANDARD = gnu17;
				GCC_DYNAMIC_NO_PIC = NO;
				GCC_NO_COMMON_BLOCKS = YES;
				GCC_OPTIMIZATION_LEVEL = 0;
				GCC_PREPROCESSOR_DEFINITIONS = (
					"DEBUG=1",
					"$(inherited)",
				);
				GCC_WARN_64_TO_32_BIT_CONVERSION = YES;
				GCC_WARN_ABOUT_RETURN_TYPE = YES_ERROR;
				GCC_WARN_UNDECLARED_SELECTOR = YES;
				GCC_WARN_UNINITIALIZED_AUTOS = YES_AGGRESSIVE;
				GCC_WARN_UNUSED_FUNCTION = YES;
				GCC_WARN_UNUSED_VARIABLE = YES;
				IPHONEOS_DEPLOYMENT_TARGET = 26.2;
				LOCALIZATION_PREFERS_STRING_CATALOGS = YES;
				MTL_ENABLE_DEBUG_INFO = INCLUDE_SOURCE;
				MTL_FAST_MATH = YES;
				ONLY_ACTIVE_ARCH = YES;
				SDKROOT = iphoneos;
				STRING_CATALOG_GENERATE_SYMBOLS = YES;
				SWIFT_ACTIVE_COMPILATION_CONDITIONS = "DEBUG $(inherited)";
				SWIFT_EMIT_LOC_STRINGS = YES;
				SWIFT_OPTIMIZATION_LEVEL = "-Onone";
			};
			name = Debug;
		};
		999DA8092F706B310082B598 /* Release */ = {
			isa = XCBuildConfiguration;
			baseConfigurationReferenceAnchor = 999DA7EB2F706B2F0082B598 /* Hissedar */;
			baseConfigurationReferenceRelativePath = Resources/Secrets.xcconfig;
			buildSettings = {
				ALWAYS_SEARCH_USER_PATHS = NO;
				ASSETCATALOG_COMPILER_GENERATE_SWIFT_ASSET_SYMBOL_EXTENSIONS = YES;
				CLANG_ANALYZER_NONNULL = YES;
				CLANG_ANALYZER_NUMBER_OBJECT_CONVERSION = YES_AGGRESSIVE;
				CLANG_CXX_LANGUAGE_STANDARD = "gnu++20";
				CLANG_ENABLE_MODULES = YES;
				CLANG_ENABLE_OBJC_ARC = YES;
				CLANG_ENABLE_OBJC_WEAK = YES;
				CLANG_WARN_BLOCK_CAPTURE_AUTORELEASING = YES;
				CLANG_WARN_BOOL_CONVERSION = YES;
				CLANG_WARN_COMMA = YES;
				CLANG_WARN_CONSTANT_CONVERSION = YES;
				CLANG_WARN_DEPRECATED_OBJC_IMPLEMENTATIONS = YES;
				CLANG_WARN_DIRECT_OBJC_ISA_USAGE = YES_ERROR;
				CLANG_WARN_DOCUMENTATION_COMMENTS = YES;
				CLANG_WARN_EMPTY_BODY = YES;
				CLANG_WARN_ENUM_CONVERSION = YES;
				CLANG_WARN_INFINITE_RECURSION = YES;
				CLANG_WARN_INT_CONVERSION = YES;
				CLANG_WARN_NON_LITERAL_NULL_CONVERSION = YES;
				CLANG_WARN_OBJC_IMPLICIT_RETAIN_SELF = YES;
				CLANG_WARN_OBJC_LITERAL_CONVERSION = YES;
				CLANG_WARN_OBJC_ROOT_CLASS = YES_ERROR;
				CLANG_WARN_QUOTED_INCLUDE_IN_FRAMEWORK_HEADER = YES;
				CLANG_WARN_RANGE_LOOP_ANALYSIS = YES;
				CLANG_WARN_STRICT_PROTOTYPES = YES;
				CLANG_WARN_SUSPICIOUS_MOVE = YES;
				CLANG_WARN_UNGUARDED_AVAILABILITY = YES_AGGRESSIVE;
				CLANG_WARN_UNREACHABLE_CODE = YES;
				CLANG_WARN__DUPLICATE_METHOD_MATCH = YES;
				COPY_PHASE_STRIP = NO;
				DEBUG_INFORMATION_FORMAT = "dwarf-with-dsym";
				DEVELOPMENT_TEAM = A5PNFW5LM9;
				ENABLE_NS_ASSERTIONS = NO;
				ENABLE_STRICT_OBJC_MSGSEND = YES;
				ENABLE_USER_SCRIPT_SANDBOXING = YES;
				GCC_C_LANGUAGE_STANDARD = gnu17;
				GCC_NO_COMMON_BLOCKS = YES;
				GCC_WARN_64_TO_32_BIT_CONVERSION = YES;
				GCC_WARN_ABOUT_RETURN_TYPE = YES_ERROR;
				GCC_WARN_UNDECLARED_SELECTOR = YES;
				GCC_WARN_UNINITIALIZED_AUTOS = YES_AGGRESSIVE;
				GCC_WARN_UNUSED_FUNCTION = YES;
				GCC_WARN_UNUSED_VARIABLE = YES;
				IPHONEOS_DEPLOYMENT_TARGET = 26.2;
				LOCALIZATION_PREFERS_STRING_CATALOGS = YES;
				MTL_ENABLE_DEBUG_INFO = NO;
				MTL_FAST_MATH = YES;
				SDKROOT = iphoneos;
				STRING_CATALOG_GENERATE_SYMBOLS = YES;
				SWIFT_COMPILATION_MODE = wholemodule;
				SWIFT_EMIT_LOC_STRINGS = YES;
				VALIDATE_PRODUCT = YES;
			};
			name = Release;
		};
		999DA80B2F706B310082B598 /* Debug */ = {
			isa = XCBuildConfiguration;
			baseConfigurationReferenceAnchor = 999DA7EB2F706B2F0082B598 /* Hissedar */;
			baseConfigurationReferenceRelativePath = Resources/Secrets.xcconfig;
			buildSettings = {
				ASSETCATALOG_COMPILER_APPICON_NAME = AppIcon;
				ASSETCATALOG_COMPILER_GLOBAL_ACCENT_COLOR_NAME = AccentColor;
				CODE_SIGN_ENTITLEMENTS = Hissedar/Hissedar.entitlements;
				CODE_SIGN_STYLE = Automatic;
				CURRENT_PROJECT_VERSION = 1;
				DEVELOPMENT_TEAM = A5PNFW5LM9;
				ENABLE_PREVIEWS = YES;
				GENERATE_INFOPLIST_FILE = YES;
				INFOPLIST_FILE = Hissedar/Resources/Info.plist;
				INFOPLIST_KEY_UIApplicationSceneManifest_Generation = YES;
				INFOPLIST_KEY_UIApplicationSupportsIndirectInputEvents = YES;
				INFOPLIST_KEY_UILaunchScreen_Generation = YES;
				INFOPLIST_KEY_UILaunchStoryboardName = LaunchScreen;
				INFOPLIST_KEY_UISupportedInterfaceOrientations_iPad = "UIInterfaceOrientationPortrait UIInterfaceOrientationPortraitUpsideDown UIInterfaceOrientationLandscapeLeft UIInterfaceOrientationLandscapeRight";
				INFOPLIST_KEY_UISupportedInterfaceOrientations_iPhone = "UIInterfaceOrientationPortrait UIInterfaceOrientationLandscapeLeft UIInterfaceOrientationLandscapeRight";
				LD_RUNPATH_SEARCH_PATHS = (
					"$(inherited)",
					"@executable_path/Frameworks",
				);
				MARKETING_VERSION = 1.0;
				PRODUCT_BUNDLE_IDENTIFIER = com.vision.apple.Hissedar;
				PRODUCT_NAME = "$(TARGET_NAME)";
				STRING_CATALOG_GENERATE_SYMBOLS = YES;
				SWIFT_APPROACHABLE_CONCURRENCY = YES;
				SWIFT_DEFAULT_ACTOR_ISOLATION = MainActor;
				SWIFT_EMIT_LOC_STRINGS = YES;
				SWIFT_UPCOMING_FEATURE_MEMBER_IMPORT_VISIBILITY = YES;
				SWIFT_VERSION = 5.0;
				TARGETED_DEVICE_FAMILY = "1,2";
			};
			name = Debug;
		};
		999DA80C2F706B310082B598 /* Release */ = {
			isa = XCBuildConfiguration;
			baseConfigurationReferenceAnchor = 999DA7EB2F706B2F0082B598 /* Hissedar */;
			baseConfigurationReferenceRelativePath = Resources/Secrets.xcconfig;
			buildSettings = {
				ASSETCATALOG_COMPILER_APPICON_NAME = AppIcon;
				ASSETCATALOG_COMPILER_GLOBAL_ACCENT_COLOR_NAME = AccentColor;
				CODE_SIGN_ENTITLEMENTS = Hissedar/Hissedar.entitlements;
				CODE_SIGN_STYLE = Automatic;
				CURRENT_PROJECT_VERSION = 1;
				DEVELOPMENT_TEAM = A5PNFW5LM9;
				ENABLE_PREVIEWS = YES;
				GENERATE_INFOPLIST_FILE = YES;
				INFOPLIST_FILE = Hissedar/Resources/Info.plist;
				INFOPLIST_KEY_UIApplicationSceneManifest_Generation = YES;
				INFOPLIST_KEY_UIApplicationSupportsIndirectInputEvents = YES;
				INFOPLIST_KEY_UILaunchScreen_Generation = YES;
				INFOPLIST_KEY_UILaunchStoryboardName = LaunchScreen;
				INFOPLIST_KEY_UISupportedInterfaceOrientations_iPad = "UIInterfaceOrientationPortrait UIInterfaceOrientationPortraitUpsideDown UIInterfaceOrientationLandscapeLeft UIInterfaceOrientationLandscapeRight";
				INFOPLIST_KEY_UISupportedInterfaceOrientations_iPhone = "UIInterfaceOrientationPortrait UIInterfaceOrientationLandscapeLeft UIInterfaceOrientationLandscapeRight";
				LD_RUNPATH_SEARCH_PATHS = (
					"$(inherited)",
					"@executable_path/Frameworks",
				);
				MARKETING_VERSION = 1.0;
				PRODUCT_BUNDLE_IDENTIFIER = com.vision.apple.Hissedar;
				PRODUCT_NAME = "$(TARGET_NAME)";
				STRING_CATALOG_GENERATE_SYMBOLS = YES;
				SWIFT_APPROACHABLE_CONCURRENCY = YES;
				SWIFT_DEFAULT_ACTOR_ISOLATION = MainActor;
				SWIFT_EMIT_LOC_STRINGS = YES;
				SWIFT_UPCOMING_FEATURE_MEMBER_IMPORT_VISIBILITY = YES;
				SWIFT_VERSION = 5.0;
				TARGETED_DEVICE_FAMILY = "1,2";
			};
			name = Release;
		};
		999DA80E2F706B310082B598 /* Debug */ = {
			isa = XCBuildConfiguration;
			baseConfigurationReferenceAnchor = 999DA7EB2F706B2F0082B598 /* Hissedar */;
			baseConfigurationReferenceRelativePath = Resources/Secrets.xcconfig;
			buildSettings = {
				BUNDLE_LOADER = "$(TEST_HOST)";
				CODE_SIGN_STYLE = Automatic;
				CURRENT_PROJECT_VERSION = 1;
				DEVELOPMENT_TEAM = A5PNFW5LM9;
				GENERATE_INFOPLIST_FILE = YES;
				IPHONEOS_DEPLOYMENT_TARGET = 26.2;
				MARKETING_VERSION = 1.0;
				PRODUCT_BUNDLE_IDENTIFIER = com.vision.apple.HissedarTests;
				PRODUCT_NAME = "$(TARGET_NAME)";
				STRING_CATALOG_GENERATE_SYMBOLS = NO;
				SWIFT_APPROACHABLE_CONCURRENCY = YES;
				SWIFT_EMIT_LOC_STRINGS = NO;
				SWIFT_UPCOMING_FEATURE_MEMBER_IMPORT_VISIBILITY = YES;
				SWIFT_VERSION = 5.0;
				TARGETED_DEVICE_FAMILY = "1,2";
				TEST_HOST = "$(BUILT_PRODUCTS_DIR)/Hissedar.app/$(BUNDLE_EXECUTABLE_FOLDER_PATH)/Hissedar";
			};
			name = Debug;
		};
		999DA80F2F706B310082B598 /* Release */ = {
			isa = XCBuildConfiguration;
			baseConfigurationReferenceAnchor = 999DA7EB2F706B2F0082B598 /* Hissedar */;
			baseConfigurationReferenceRelativePath = Resources/Secrets.xcconfig;
			buildSettings = {
				BUNDLE_LOADER = "$(TEST_HOST)";
				CODE_SIGN_STYLE = Automatic;
				CURRENT_PROJECT_VERSION = 1;
				DEVELOPMENT_TEAM = A5PNFW5LM9;
				GENERATE_INFOPLIST_FILE = YES;
				IPHONEOS_DEPLOYMENT_TARGET = 26.2;
				MARKETING_VERSION = 1.0;
				PRODUCT_BUNDLE_IDENTIFIER = com.vision.apple.HissedarTests;
				PRODUCT_NAME = "$(TARGET_NAME)";
				STRING_CATALOG_GENERATE_SYMBOLS = NO;
				SWIFT_APPROACHABLE_CONCURRENCY = YES;
				SWIFT_EMIT_LOC_STRINGS = NO;
				SWIFT_UPCOMING_FEATURE_MEMBER_IMPORT_VISIBILITY = YES;
				SWIFT_VERSION = 5.0;
				TARGETED_DEVICE_FAMILY = "1,2";
				TEST_HOST = "$(BUILT_PRODUCTS_DIR)/Hissedar.app/$(BUNDLE_EXECUTABLE_FOLDER_PATH)/Hissedar";
			};
			name = Release;
		};
		999DA8112F706B310082B598 /* Debug */ = {
			isa = XCBuildConfiguration;
			baseConfigurationReferenceAnchor = 999DA7EB2F706B2F0082B598 /* Hissedar */;
			baseConfigurationReferenceRelativePath = Resources/Secrets.xcconfig;
			buildSettings = {
				CODE_SIGN_STYLE = Automatic;
				CURRENT_PROJECT_VERSION = 1;
				DEVELOPMENT_TEAM = A5PNFW5LM9;
				GENERATE_INFOPLIST_FILE = YES;
				MARKETING_VERSION = 1.0;
				PRODUCT_BUNDLE_IDENTIFIER = com.vision.apple.HissedarUITests;
				PRODUCT_NAME = "$(TARGET_NAME)";
				STRING_CATALOG_GENERATE_SYMBOLS = NO;
				SWIFT_APPROACHABLE_CONCURRENCY = YES;
				SWIFT_EMIT_LOC_STRINGS = NO;
				SWIFT_UPCOMING_FEATURE_MEMBER_IMPORT_VISIBILITY = YES;
				SWIFT_VERSION = 5.0;
				TARGETED_DEVICE_FAMILY = "1,2";
				TEST_TARGET_NAME = Hissedar;
			};
			name = Debug;
		};
		999DA8122F706B310082B598 /* Release */ = {
			isa = XCBuildConfiguration;
			baseConfigurationReferenceAnchor = 999DA7EB2F706B2F0082B598 /* Hissedar */;
			baseConfigurationReferenceRelativePath = Resources/Secrets.xcconfig;
			buildSettings = {
				CODE_SIGN_STYLE = Automatic;
				CURRENT_PROJECT_VERSION = 1;
				DEVELOPMENT_TEAM = A5PNFW5LM9;
				GENERATE_INFOPLIST_FILE = YES;
				MARKETING_VERSION = 1.0;
				PRODUCT_BUNDLE_IDENTIFIER = com.vision.apple.HissedarUITests;
				PRODUCT_NAME = "$(TARGET_NAME)";
				STRING_CATALOG_GENERATE_SYMBOLS = NO;
				SWIFT_APPROACHABLE_CONCURRENCY = YES;
				SWIFT_EMIT_LOC_STRINGS = NO;
				SWIFT_UPCOMING_FEATURE_MEMBER_IMPORT_VISIBILITY = YES;
				SWIFT_VERSION = 5.0;
				TARGETED_DEVICE_FAMILY = "1,2";
				TEST_TARGET_NAME = Hissedar;
			};
			name = Release;
		};
/* End XCBuildConfiguration section */

/* Begin XCConfigurationList section */
		999DA7E42F706B2F0082B598 /* Build configuration list for PBXProject "Hissedar" */ = {
			isa = XCConfigurationList;
			buildConfigurations = (
				999DA8082F706B310082B598 /* Debug */,
				999DA8092F706B310082B598 /* Release */,
			);
			defaultConfigurationIsVisible = 0;
			defaultConfigurationName = Debug;
		};
		999DA80A2F706B310082B598 /* Build configuration list for PBXNativeTarget "Hissedar" */ = {
			isa = XCConfigurationList;
			buildConfigurations = (
				999DA80B2F706B310082B598 /* Debug */,
				999DA80C2F706B310082B598 /* Release */,
			);
			defaultConfigurationIsVisible = 0;
			defaultConfigurationName = Debug;
		};
		999DA80D2F706B310082B598 /* Build configuration list for PBXNativeTarget "HissedarTests" */ = {
			isa = XCConfigurationList;
			buildConfigurations = (
				999DA80E2F706B310082B598 /* Debug */,
				999DA80F2F706B310082B598 /* Release */,
			);
			defaultConfigurationIsVisible = 0;
			defaultConfigurationName = Debug;
		};
		999DA8102F706B310082B598 /* Build configuration list for PBXNativeTarget "HissedarUITests" */ = {
			isa = XCConfigurationList;
			buildConfigurations = (
				999DA8112F706B310082B598 /* Debug */,
				999DA8122F706B310082B598 /* Release */,
			);
			defaultConfigurationIsVisible = 0;
			defaultConfigurationName = Debug;
		};
/* End XCConfigurationList section */

/* Begin XCRemoteSwiftPackageReference section */
		995A3A612F75CF0D0005BF13 /* XCRemoteSwiftPackageReference "Factory" */ = {
			isa = XCRemoteSwiftPackageReference;
			repositoryURL = "https://github.com/hmlongco/Factory";
			requirement = {
				kind = upToNextMajorVersion;
				minimumVersion = 2.5.3;
			};
		};
		999DA8132F706FE50082B598 /* XCRemoteSwiftPackageReference "supabase-swift" */ = {
			isa = XCRemoteSwiftPackageReference;
			repositoryURL = "https://github.com/supabase/supabase-swift";
			requirement = {
				kind = upToNextMajorVersion;
				minimumVersion = 2.5.1;
			};
		};
		99EFAFD22F79B9C400BA0FB5 /* XCRemoteSwiftPackageReference "web3swift" */ = {
			isa = XCRemoteSwiftPackageReference;
			repositoryURL = "https://github.com/web3swift-team/web3swift.git";
			requirement = {
				kind = upToNextMajorVersion;
				minimumVersion = 3.3.2;
			};
		};
/* End XCRemoteSwiftPackageReference section */

/* Begin XCSwiftPackageProductDependency section */
		995A3A622F75CF0D0005BF13 /* Factory */ = {
			isa = XCSwiftPackageProductDependency;
			package = 995A3A612F75CF0D0005BF13 /* XCRemoteSwiftPackageReference "Factory" */;
			productName = Factory;
		};
		999DA8142F706FE50082B598 /* Auth */ = {
			isa = XCSwiftPackageProductDependency;
			package = 999DA8132F706FE50082B598 /* XCRemoteSwiftPackageReference "supabase-swift" */;
			productName = Auth;
		};
		999DA8162F706FE50082B598 /* Realtime */ = {
			isa = XCSwiftPackageProductDependency;
			package = 999DA8132F706FE50082B598 /* XCRemoteSwiftPackageReference "supabase-swift" */;
			productName = Realtime;
		};
		999DA8182F706FE50082B598 /* Storage */ = {
			isa = XCSwiftPackageProductDependency;
			package = 999DA8132F706FE50082B598 /* XCRemoteSwiftPackageReference "supabase-swift" */;
			productName = Storage;
		};
		999DA85A2F7072440082B598 /* Supabase */ = {
			isa = XCSwiftPackageProductDependency;
			package = 999DA8132F706FE50082B598 /* XCRemoteSwiftPackageReference "supabase-swift" */;
			productName = Supabase;
		};
		99EFAFD32F79B9C400BA0FB5 /* web3swift */ = {
			isa = XCSwiftPackageProductDependency;
			package = 99EFAFD22F79B9C400BA0FB5 /* XCRemoteSwiftPackageReference "web3swift" */;
			productName = web3swift;
		};
/* End XCSwiftPackageProductDependency section */
	};
	rootObject = 999DA7E12F706B2F0082B598 /* Project object */;
}
